<?xml version="1.0" encoding="utf-8"?>
<Project ToolsVersion="4.0" xmlns="http://schemas.microsoft.com/developer/msbuild/2003">
  <ItemGroup>
    <Filter Include="Contents">
      <UniqueIdentifier>{6c619bbc-02c2-419d-90ca-25c0fa83a272}</UniqueIdentifier>
    </Filter>
    <Filter Include="Core">
      <UniqueIdentifier>{a36217f0-6412-47c1-8c0a-a59393668086}</UniqueIdentifier>
    </Filter>
    <Filter Include="Object">
      <UniqueIdentifier>{261262b7-cc97-4c90-b552-15d0eb2b9007}</UniqueIdentifier>
    </Filter>
    <Filter Include="Resources">
      <UniqueIdentifier>{f37f0b2a-e49b-4400-83bf-6f19e2229768}</UniqueIdentifier>
    </Filter>
    <Filter Include="Object\Component">
      <UniqueIdentifier>{cf74b637-dc3a-4b5c-92be-723561dc62c3}</UniqueIdentifier>
    </Filter>
    <Filter Include="Object\Component\Rendering">
      <UniqueIdentifier>{ee51c5b6-d555-4a55-93d0-6ee01ed55d97}</UniqueIdentifier>
    </Filter>
    <Filter Include="Object\Component\Collision">
      <UniqueIdentifier>{091c4cff-cce4-43ae-bfd6-9fec38d46cdc}</UniqueIdentifier>
    </Filter>
    <Filter Include="Device">
      <UniqueIdentifier>{fcca89f2-3fed-4ae3-b27a-5d31791bf724}</UniqueIdentifier>
    </Filter>
    <Filter Include="PreCompile">
      <UniqueIdentifier>{3929613d-3024-4352-b55b-b2f701f7510b}</UniqueIdentifier>
    </Filter>
    <Filter Include="Resources\Texture">
      <UniqueIdentifier>{54602d4c-aaa0-4320-879c-4600d3b4a56a}</UniqueIdentifier>
    </Filter>
    <Filter Include="Resources\Shader">
      <UniqueIdentifier>{74342c5b-bf7e-4d63-8898-e77f8a802bef}</UniqueIdentifier>
    </Filter>
    <Filter Include="Resources\OutputMerger">
      <UniqueIdentifier>{7e7e1266-e1a4-43b2-a738-a926e3d773d3}</UniqueIdentifier>
    </Filter>
    <Filter Include="Resources\InputAssembler">
      <UniqueIdentifier>{3063bc75-ba3a-4c17-9f48-455ade9eab7c}</UniqueIdentifier>
    </Filter>
    <Filter Include="Resources\ShaderResources">
      <UniqueIdentifier>{94f3bda8-71f7-4e88-844b-b11c489e3c5c}</UniqueIdentifier>
    </Filter>
    <Filter Include="ThirdParty">
      <UniqueIdentifier>{7ee1b331-2fc9-4433-a4ec-18a098a948b1}</UniqueIdentifier>
    </Filter>
    <Filter Include="ThirdParty\Lib">
      <UniqueIdentifier>{bc587bef-02a1-4d93-a81e-3b2c9de0c6fc}</UniqueIdentifier>
    </Filter>
    <Filter Include="ThirdParty\Lib\Debug">
      <UniqueIdentifier>{e38b5c0c-6b95-4d79-830b-dd0bb67d9a52}</UniqueIdentifier>
    </Filter>
    <Filter Include="ThirdParty\Lib\Release">
      <UniqueIdentifier>{6f0f8127-0e8a-48a0-904e-f8df0eebe834}</UniqueIdentifier>
    </Filter>
    <Filter Include="ThirdParty\inc">
      <UniqueIdentifier>{8883bb33-905a-4ff0-ae79-572c3e2e0453}</UniqueIdentifier>
    </Filter>
    <Filter Include="Object\Component\Rendering\Content">
      <UniqueIdentifier>{5bce0168-5fc2-43e8-98a9-ab1f17e066be}</UniqueIdentifier>
    </Filter>
    <Filter Include="Resources\OutputMerger\Rasterizer">
      <UniqueIdentifier>{bb4c61f4-546b-4f48-b4c8-1d895052c767}</UniqueIdentifier>
    </Filter>
  </ItemGroup>
  <ItemGroup>
    <ClInclude Include="GameEngineStateManager.h">
      <Filter>Contents</Filter>
    </ClInclude>
    <ClInclude Include="GameEngineCore.h">
      <Filter>Core</Filter>
    </ClInclude>
    <ClInclude Include="GameEngineActor.h">
      <Filter>Object</Filter>
    </ClInclude>
    <ClInclude Include="GameEngineLevel.h">
      <Filter>Object</Filter>
    </ClInclude>
    <ClInclude Include="GameEngineComponent.h">
      <Filter>Object\Component</Filter>
    </ClInclude>
    <ClInclude Include="GameEngineRenderer.h">
      <Filter>Object\Component\Rendering</Filter>
    </ClInclude>
    <ClInclude Include="GEngine.h" />
    <ClInclude Include="GameEngineRes.h">
      <Filter>Resources</Filter>
    </ClInclude>
    <ClInclude Include="GameEngineDevice.h">
      <Filter>Device</Filter>
    </ClInclude>
    <ClInclude Include="GameEngineCollision.h">
      <Filter>Object\Component\Collision</Filter>
    </ClInclude>
    <ClInclude Include="GameEngineCamera.h">
      <Filter>Object\Component\Rendering</Filter>
    </ClInclude>
    <ClInclude Include="GameEngineCameraActor.h">
      <Filter>Object\Component\Rendering</Filter>
    </ClInclude>
    <ClInclude Include="GameEngineTransformBase.h">
      <Filter>Object\Component</Filter>
    </ClInclude>
    <ClInclude Include="GameEngineTransformComponent.h">
      <Filter>Object\Component</Filter>
    </ClInclude>
    <ClInclude Include="PreCompile.h">
      <Filter>PreCompile</Filter>
    </ClInclude>
    <ClInclude Include="CoreMinimal.h" />
    <ClInclude Include="GameEngineIndexBuffer.h">
      <Filter>Resources\InputAssembler</Filter>
    </ClInclude>
    <ClInclude Include="GameEngineVertexBuffer.h">
      <Filter>Resources\InputAssembler</Filter>
    </ClInclude>
    <ClInclude Include="GameEngineTexture.h">
      <Filter>Resources\Texture</Filter>
    </ClInclude>
    <ClInclude Include="GameEngineRenderTarget.h">
      <Filter>Resources\OutputMerger</Filter>
    </ClInclude>
    <ClInclude Include="GameEngineRenderingPipeLine.h">
      <Filter>Resources</Filter>
    </ClInclude>
    <ClInclude Include="GameEngineInputLayOut.h">
      <Filter>Resources\InputAssembler</Filter>
    </ClInclude>
    <ClInclude Include="GameEngineVertexs.h">
      <Filter>Resources\InputAssembler</Filter>
    </ClInclude>
    <ClInclude Include="GameEngineBlend.h">
      <Filter>Resources\OutputMerger</Filter>
    </ClInclude>
    <ClInclude Include="GameEngineDepthStencil.h">
      <Filter>Resources\OutputMerger</Filter>
    </ClInclude>
    <ClInclude Include="GameEngineRasterizer.h">
      <Filter>Resources\OutputMerger\Rasterizer</Filter>
    </ClInclude>
    <ClInclude Include="GameEnginePixelShader.h">
      <Filter>Resources\Shader</Filter>
    </ClInclude>
    <ClInclude Include="GameEngineShader.h">
      <Filter>Resources\Shader</Filter>
    </ClInclude>
    <ClInclude Include="GameEngineVertexShader.h">
      <Filter>Resources\Shader</Filter>
    </ClInclude>
    <ClInclude Include="GameEngineDefaultRenderer.h">
      <Filter>Object\Component\Rendering</Filter>
    </ClInclude>
    <ClInclude Include="GameEngineConstantBuffer.h">
      <Filter>Resources\ShaderResources</Filter>
    </ClInclude>
    <ClInclude Include="GameEngineShaderResourcesHelper.h">
      <Filter>Object\Component\Rendering</Filter>
    </ClInclude>
    <ClInclude Include="GameEngineSampler.h">
      <Filter>Resources\Texture</Filter>
    </ClInclude>
    <ClInclude Include="GameEngineTextureRenderer.h">
      <Filter>Object\Component\Rendering\Content</Filter>
    </ClInclude>
    <ClInclude Include="ThirdParty\bin\Release\DirectXTex.h">
      <Filter>ThirdParty\inc</Filter>
    </ClInclude>
    <ClInclude Include="GameEngineFolderTexture.h">
      <Filter>Resources\Texture</Filter>
    </ClInclude>
  </ItemGroup>
  <ItemGroup>
    <ClCompile Include="GameEngineStateManager.cpp">
      <Filter>Contents</Filter>
    </ClCompile>
    <ClCompile Include="GameEngineCore.cpp">
      <Filter>Core</Filter>
    </ClCompile>
    <ClCompile Include="GameEngineActor.cpp">
      <Filter>Object</Filter>
    </ClCompile>
    <ClCompile Include="GameEngineLevel.cpp">
      <Filter>Object</Filter>
    </ClCompile>
    <ClCompile Include="GameEngineComponent.cpp">
      <Filter>Object\Component</Filter>
    </ClCompile>
    <ClCompile Include="GameEngineRenderer.cpp">
      <Filter>Object\Component\Rendering</Filter>
    </ClCompile>
    <ClCompile Include="GEngine.cpp" />
    <ClCompile Include="GameEngineRes.cpp">
      <Filter>Resources</Filter>
    </ClCompile>
    <ClCompile Include="GameEngineCore_Resources.cpp">
      <Filter>Core</Filter>
    </ClCompile>
    <ClCompile Include="GameEngineDevice.cpp">
      <Filter>Device</Filter>
    </ClCompile>
    <ClCompile Include="GameEngineCollision.cpp">
      <Filter>Object\Component\Collision</Filter>
    </ClCompile>
    <ClCompile Include="GameEngineCamera.cpp">
      <Filter>Object\Component\Rendering</Filter>
    </ClCompile>
    <ClCompile Include="GameEngineCameraActor.cpp">
      <Filter>Object\Component\Rendering</Filter>
    </ClCompile>
    <ClCompile Include="GameEngineTransformBase.cpp">
      <Filter>Object\Component</Filter>
    </ClCompile>
    <ClCompile Include="GameEngineTransformComponent.cpp">
      <Filter>Object\Component</Filter>
    </ClCompile>
    <ClCompile Include="PreCompile.cpp">
      <Filter>PreCompile</Filter>
    </ClCompile>
    <ClCompile Include="GameEngineIndexBuffer.cpp">
      <Filter>Resources\InputAssembler</Filter>
    </ClCompile>
    <ClCompile Include="GameEngineVertexBuffer.cpp">
      <Filter>Resources\InputAssembler</Filter>
    </ClCompile>
    <ClCompile Include="GameEngineTexture.cpp">
      <Filter>Resources\Texture</Filter>
    </ClCompile>
    <ClCompile Include="GameEngineRenderTarget.cpp">
      <Filter>Resources\OutputMerger</Filter>
    </ClCompile>
    <ClCompile Include="GameEngineRenderingPipeLine.cpp">
      <Filter>Resources</Filter>
    </ClCompile>
    <ClCompile Include="GameEngineInputLayOut.cpp">
      <Filter>Resources\InputAssembler</Filter>
    </ClCompile>
    <ClCompile Include="GameEngineBlend.cpp">
      <Filter>Resources\OutputMerger</Filter>
    </ClCompile>
    <ClCompile Include="GameEngineDepthStencil.cpp">
      <Filter>Resources\OutputMerger</Filter>
    </ClCompile>
    <ClCompile Include="GameEngineRasterizer.cpp">
      <Filter>Resources\OutputMerger\Rasterizer</Filter>
    </ClCompile>
    <ClCompile Include="GameEnginePixelShader.cpp">
      <Filter>Resources\Shader</Filter>
    </ClCompile>
    <ClCompile Include="GameEngineShader.cpp">
      <Filter>Resources\Shader</Filter>
    </ClCompile>
    <ClCompile Include="GameEngineVertexShader.cpp">
      <Filter>Resources\Shader</Filter>
    </ClCompile>
    <ClCompile Include="GameEngineDefaultRenderer.cpp">
      <Filter>Object\Component\Rendering</Filter>
    </ClCompile>
    <ClCompile Include="GameEngineVertexs.cpp">
      <Filter>Resources\InputAssembler</Filter>
    </ClCompile>
    <ClCompile Include="GameEngineConstantBuffer.cpp">
      <Filter>Resources\ShaderResources</Filter>
    </ClCompile>
    <ClCompile Include="GameEngineShaderResourcesHelper.cpp">
      <Filter>Object\Component\Rendering</Filter>
    </ClCompile>
    <ClCompile Include="GameEngineSampler.cpp">
      <Filter>Resources\Texture</Filter>
    </ClCompile>
    <ClCompile Include="GameEngineTextureRenderer.cpp">
      <Filter>Object\Component\Rendering\Content</Filter>
    </ClCompile>
    <ClCompile Include="GameEngineFolderTexture.cpp">
      <Filter>Resources\Texture</Filter>
    </ClCompile>
  </ItemGroup>
  <ItemGroup>
    <CopyFileToFolders Include="ThirdParty\bin\Debug\DirectXTex.lib">
      <Filter>ThirdParty\Lib\Debug</Filter>
    </CopyFileToFolders>
    <CopyFileToFolders Include="ThirdParty\bin\Release\DirectXTex.lib">
      <Filter>ThirdParty\Lib\Release</Filter>
    </CopyFileToFolders>
  </ItemGroup>
</Project>