<?xml version="1.0" encoding="utf-8"?>
<Project ToolsVersion="4.0" xmlns="http://schemas.microsoft.com/developer/msbuild/2003">
  <ItemGroup>
    <Filter Include="Contents">
      <UniqueIdentifier>{6380b6d5-dc96-47f8-b1d8-05cc9243f0b2}</UniqueIdentifier>
    </Filter>
    <Filter Include="Actor">
      <UniqueIdentifier>{fd8e1f7b-7534-4707-a536-a949ca044bc0}</UniqueIdentifier>
    </Filter>
    <Filter Include="Level">
      <UniqueIdentifier>{fe2fcc5d-e824-4dd6-8c4a-6598a6cd2050}</UniqueIdentifier>
    </Filter>
    <Filter Include="Global">
      <UniqueIdentifier>{d0791d11-f97b-4b44-9845-4bf7c2abe563}</UniqueIdentifier>
    </Filter>
    <Filter Include="Actor\Play">
      <UniqueIdentifier>{5d1f4fbd-7000-468d-9669-c2ac02ff14fd}</UniqueIdentifier>
    </Filter>
    <Filter Include="Actor\Title">
      <UniqueIdentifier>{7b41b84d-f1e2-40ab-9d43-67fa8dc56f97}</UniqueIdentifier>
    </Filter>
  </ItemGroup>
  <ItemGroup>
    <ClInclude Include="ContentsCore.h">
      <Filter>Contents</Filter>
    </ClInclude>
    <ClInclude Include="Enums.h">
      <Filter>Global</Filter>
    </ClInclude>
    <ClInclude Include="PlayLevel.h">
      <Filter>Level</Filter>
    </ClInclude>
    <ClInclude Include="TitleLevel.h">
      <Filter>Level</Filter>
    </ClInclude>
    <ClInclude Include="Player.h">
      <Filter>Actor\Title</Filter>
    </ClInclude>
    <ClInclude Include="TitleLogo.h">
      <Filter>Actor\Play</Filter>
    </ClInclude>
  </ItemGroup>
  <ItemGroup>
    <ClCompile Include="ContentsCore.cpp">
      <Filter>Contents</Filter>
    </ClCompile>
    <ClCompile Include="PlayLevel.cpp">
      <Filter>Level</Filter>
    </ClCompile>
    <ClCompile Include="TitleLevel.cpp">
      <Filter>Level</Filter>
    </ClCompile>
    <ClCompile Include="Player.cpp">
      <Filter>Actor\Title</Filter>
    </ClCompile>
    <ClCompile Include="TitleLogo.cpp">
      <Filter>Actor\Play</Filter>
    </ClCompile>
  </ItemGroup>
</Project>